// !$*UTF8*$!
{
	archiveVersion = 1;
	classes = {
	};
	objectVersion = 46;
	objects = {

/* Begin PBXBuildFile section */
		C8197750194A00D5000DAE85 /* Foundation.framework in Frameworks */ = {isa = PBXBuildFile; fileRef = C819774F194A00D5000DAE85 /* Foundation.framework */; };
		C8197752194A00D5000DAE85 /* CoreGraphics.framework in Frameworks */ = {isa = PBXBuildFile; fileRef = C8197751194A00D5000DAE85 /* CoreGraphics.framework */; };
		C8197754194A00D5000DAE85 /* UIKit.framework in Frameworks */ = {isa = PBXBuildFile; fileRef = C8197753194A00D5000DAE85 /* UIKit.framework */; };
		C819775A194A00D5000DAE85 /* InfoPlist.strings in Resources */ = {isa = PBXBuildFile; fileRef = C8197758194A00D5000DAE85 /* InfoPlist.strings */; };
		C819775C194A00D5000DAE85 /* main.m in Sources */ = {isa = PBXBuildFile; fileRef = C819775B194A00D5000DAE85 /* main.m */; };
		C8197760194A00D5000DAE85 /* RDMBorderedButtonAppDelegate.m in Sources */ = {isa = PBXBuildFile; fileRef = C819775F194A00D5000DAE85 /* RDMBorderedButtonAppDelegate.m */; };
		C8197763194A00D5000DAE85 /* Main_iPhone.storyboard in Resources */ = {isa = PBXBuildFile; fileRef = C8197761194A00D5000DAE85 /* Main_iPhone.storyboard */; };
		C8197766194A00D5000DAE85 /* Main_iPad.storyboard in Resources */ = {isa = PBXBuildFile; fileRef = C8197764194A00D5000DAE85 /* Main_iPad.storyboard */; };
		C8197769194A00D5000DAE85 /* RDMBorderedButtonViewController.m in Sources */ = {isa = PBXBuildFile; fileRef = C8197768194A00D5000DAE85 /* RDMBorderedButtonViewController.m */; };
		C819776B194A00D5000DAE85 /* Images.xcassets in Resources */ = {isa = PBXBuildFile; fileRef = C819776A194A00D5000DAE85 /* Images.xcassets */; };
		C8197772194A00D5000DAE85 /* XCTest.framework in Frameworks */ = {isa = PBXBuildFile; fileRef = C8197771194A00D5000DAE85 /* XCTest.framework */; };
		C8197773194A00D5000DAE85 /* Foundation.framework in Frameworks */ = {isa = PBXBuildFile; fileRef = C819774F194A00D5000DAE85 /* Foundation.framework */; };
		C8197774194A00D5000DAE85 /* UIKit.framework in Frameworks */ = {isa = PBXBuildFile; fileRef = C8197753194A00D5000DAE85 /* UIKit.framework */; };
		C819777C194A00D5000DAE85 /* InfoPlist.strings in Resources */ = {isa = PBXBuildFile; fileRef = C819777A194A00D5000DAE85 /* InfoPlist.strings */; };
		C819777E194A00D5000DAE85 /* RDMBorderedButtonTests.m in Sources */ = {isa = PBXBuildFile; fileRef = C819777D194A00D5000DAE85 /* RDMBorderedButtonTests.m */; };
		C8197789194A020D000DAE85 /* RDMBorderedButton.m in Sources */ = {isa = PBXBuildFile; fileRef = C8197788194A020D000DAE85 /* RDMBorderedButton.m */; };
/* End PBXBuildFile section */

/* Begin PBXContainerItemProxy section */
		C8197775194A00D5000DAE85 /* PBXContainerItemProxy */ = {
			isa = PBXContainerItemProxy;
			containerPortal = C8197744194A00D5000DAE85 /* Project object */;
			proxyType = 1;
			remoteGlobalIDString = C819774B194A00D5000DAE85;
			remoteInfo = RDMBorderedButton;
		};
/* End PBXContainerItemProxy section */

/* Begin PBXFileReference section */
		C819774C194A00D5000DAE85 /* RDMBorderedButton.app */ = {isa = PBXFileReference; explicitFileType = wrapper.application; includeInIndex = 0; path = RDMBorderedButton.app; sourceTree = BUILT_PRODUCTS_DIR; };
		C819774F194A00D5000DAE85 /* Foundation.framework */ = {isa = PBXFileReference; lastKnownFileType = wrapper.framework; name = Foundation.framework; path = System/Library/Frameworks/Foundation.framework; sourceTree = SDKROOT; };
		C8197751194A00D5000DAE85 /* CoreGraphics.framework */ = {isa = PBXFileReference; lastKnownFileType = wrapper.framework; name = CoreGraphics.framework; path = System/Library/Frameworks/CoreGraphics.framework; sourceTree = SDKROOT; };
		C8197753194A00D5000DAE85 /* UIKit.framework */ = {isa = PBXFileReference; lastKnownFileType = wrapper.framework; name = UIKit.framework; path = System/Library/Frameworks/UIKit.framework; sourceTree = SDKROOT; };
		C8197757194A00D5000DAE85 /* RDMBorderedButton-Info.plist */ = {isa = PBXFileReference; lastKnownFileType = text.plist.xml; path = "RDMBorderedButton-Info.plist"; sourceTree = "<group>"; };
		C8197759194A00D5000DAE85 /* en */ = {isa = PBXFileReference; lastKnownFileType = text.plist.strings; name = en; path = en.lproj/InfoPlist.strings; sourceTree = "<group>"; };
		C819775B194A00D5000DAE85 /* main.m */ = {isa = PBXFileReference; lastKnownFileType = sourcecode.c.objc; path = main.m; sourceTree = "<group>"; };
		C819775D194A00D5000DAE85 /* RDMBorderedButton-Prefix.pch */ = {isa = PBXFileReference; lastKnownFileType = sourcecode.c.h; path = "RDMBorderedButton-Prefix.pch"; sourceTree = "<group>"; };
		C819775E194A00D5000DAE85 /* RDMBorderedButtonAppDelegate.h */ = {isa = PBXFileReference; lastKnownFileType = sourcecode.c.h; path = RDMBorderedButtonAppDelegate.h; sourceTree = "<group>"; };
		C819775F194A00D5000DAE85 /* RDMBorderedButtonAppDelegate.m */ = {isa = PBXFileReference; lastKnownFileType = sourcecode.c.objc; path = RDMBorderedButtonAppDelegate.m; sourceTree = "<group>"; };
		C8197762194A00D5000DAE85 /* Base */ = {isa = PBXFileReference; lastKnownFileType = file.storyboard; name = Base; path = Base.lproj/Main_iPhone.storyboard; sourceTree = "<group>"; };
		C8197765194A00D5000DAE85 /* Base */ = {isa = PBXFileReference; lastKnownFileType = file.storyboard; name = Base; path = Base.lproj/Main_iPad.storyboard; sourceTree = "<group>"; };
		C8197767194A00D5000DAE85 /* RDMBorderedButtonViewController.h */ = {isa = PBXFileReference; lastKnownFileType = sourcecode.c.h; path = RDMBorderedButtonViewController.h; sourceTree = "<group>"; };
		C8197768194A00D5000DAE85 /* RDMBorderedButtonViewController.m */ = {isa = PBXFileReference; lastKnownFileType = sourcecode.c.objc; path = RDMBorderedButtonViewController.m; sourceTree = "<group>"; };
		C819776A194A00D5000DAE85 /* Images.xcassets */ = {isa = PBXFileReference; lastKnownFileType = folder.assetcatalog; path = Images.xcassets; sourceTree = "<group>"; };
		C8197770194A00D5000DAE85 /* RDMBorderedButtonTests.xctest */ = {isa = PBXFileReference; explicitFileType = wrapper.cfbundle; includeInIndex = 0; path = RDMBorderedButtonTests.xctest; sourceTree = BUILT_PRODUCTS_DIR; };
		C8197771194A00D5000DAE85 /* XCTest.framework */ = {isa = PBXFileReference; lastKnownFileType = wrapper.framework; name = XCTest.framework; path = Library/Frameworks/XCTest.framework; sourceTree = DEVELOPER_DIR; };
		C8197779194A00D5000DAE85 /* RDMBorderedButtonTests-Info.plist */ = {isa = PBXFileReference; lastKnownFileType = text.plist.xml; path = "RDMBorderedButtonTests-Info.plist"; sourceTree = "<group>"; };
		C819777B194A00D5000DAE85 /* en */ = {isa = PBXFileReference; lastKnownFileType = text.plist.strings; name = en; path = en.lproj/InfoPlist.strings; sourceTree = "<group>"; };
		C819777D194A00D5000DAE85 /* RDMBorderedButtonTests.m */ = {isa = PBXFileReference; lastKnownFileType = sourcecode.c.objc; path = RDMBorderedButtonTests.m; sourceTree = "<group>"; };
		C8197787194A020D000DAE85 /* RDMBorderedButton.h */ = {isa = PBXFileReference; fileEncoding = 4; lastKnownFileType = sourcecode.c.h; path = RDMBorderedButton.h; sourceTree = "<group>"; };
		C8197788194A020D000DAE85 /* RDMBorderedButton.m */ = {isa = PBXFileReference; fileEncoding = 4; lastKnownFileType = sourcecode.c.objc; path = RDMBorderedButton.m; sourceTree = "<group>"; };
/* End PBXFileReference section */

/* Begin PBXFrameworksBuildPhase section */
		C8197749194A00D5000DAE85 /* Frameworks */ = {
			isa = PBXFrameworksBuildPhase;
			buildActionMask = 2147483647;
			files = (
				C8197752194A00D5000DAE85 /* CoreGraphics.framework in Frameworks */,
				C8197754194A00D5000DAE85 /* UIKit.framework in Frameworks */,
				C8197750194A00D5000DAE85 /* Foundation.framework in Frameworks */,
			);
			runOnlyForDeploymentPostprocessing = 0;
		};
		C819776D194A00D5000DAE85 /* Frameworks */ = {
			isa = PBXFrameworksBuildPhase;
			buildActionMask = 2147483647;
			files = (
				C8197772194A00D5000DAE85 /* XCTest.framework in Frameworks */,
				C8197774194A00D5000DAE85 /* UIKit.framework in Frameworks */,
				C8197773194A00D5000DAE85 /* Foundation.framework in Frameworks */,
			);
			runOnlyForDeploymentPostprocessing = 0;
		};
/* End PBXFrameworksBuildPhase section */

/* Begin PBXGroup section */
		C8197743194A00D5000DAE85 = {
			isa = PBXGroup;
			children = (
				C8197755194A00D5000DAE85 /* RDMBorderedButton */,
				C8197777194A00D5000DAE85 /* RDMBorderedButtonTests */,
				C819774E194A00D5000DAE85 /* Frameworks */,
				C819774D194A00D5000DAE85 /* Products */,
			);
			sourceTree = "<group>";
		};
		C819774D194A00D5000DAE85 /* Products */ = {
			isa = PBXGroup;
			children = (
				C819774C194A00D5000DAE85 /* RDMBorderedButton.app */,
				C8197770194A00D5000DAE85 /* RDMBorderedButtonTests.xctest */,
			);
			name = Products;
			sourceTree = "<group>";
		};
		C819774E194A00D5000DAE85 /* Frameworks */ = {
			isa = PBXGroup;
			children = (
				C819774F194A00D5000DAE85 /* Foundation.framework */,
				C8197751194A00D5000DAE85 /* CoreGraphics.framework */,
				C8197753194A00D5000DAE85 /* UIKit.framework */,
				C8197771194A00D5000DAE85 /* XCTest.framework */,
			);
			name = Frameworks;
			sourceTree = "<group>";
		};
		C8197755194A00D5000DAE85 /* RDMBorderedButton */ = {
			isa = PBXGroup;
			children = (
				C819775E194A00D5000DAE85 /* RDMBorderedButtonAppDelegate.h */,
				C819775F194A00D5000DAE85 /* RDMBorderedButtonAppDelegate.m */,
				C8197761194A00D5000DAE85 /* Main_iPhone.storyboard */,
				C8197764194A00D5000DAE85 /* Main_iPad.storyboard */,
				C8197767194A00D5000DAE85 /* RDMBorderedButtonViewController.h */,
				C8197768194A00D5000DAE85 /* RDMBorderedButtonViewController.m */,
				C8197787194A020D000DAE85 /* RDMBorderedButton.h */,
				C8197788194A020D000DAE85 /* RDMBorderedButton.m */,
				C819776A194A00D5000DAE85 /* Images.xcassets */,
				C8197756194A00D5000DAE85 /* Supporting Files */,
			);
			path = RDMBorderedButton;
			sourceTree = "<group>";
		};
		C8197756194A00D5000DAE85 /* Supporting Files */ = {
			isa = PBXGroup;
			children = (
				C8197757194A00D5000DAE85 /* RDMBorderedButton-Info.plist */,
				C8197758194A00D5000DAE85 /* InfoPlist.strings */,
				C819775B194A00D5000DAE85 /* main.m */,
				C819775D194A00D5000DAE85 /* RDMBorderedButton-Prefix.pch */,
			);
			name = "Supporting Files";
			sourceTree = "<group>";
		};
		C8197777194A00D5000DAE85 /* RDMBorderedButtonTests */ = {
			isa = PBXGroup;
			children = (
				C819777D194A00D5000DAE85 /* RDMBorderedButtonTests.m */,
				C8197778194A00D5000DAE85 /* Supporting Files */,
			);
			path = RDMBorderedButtonTests;
			sourceTree = "<group>";
		};
		C8197778194A00D5000DAE85 /* Supporting Files */ = {
			isa = PBXGroup;
			children = (
				C8197779194A00D5000DAE85 /* RDMBorderedButtonTests-Info.plist */,
				C819777A194A00D5000DAE85 /* InfoPlist.strings */,
			);
			name = "Supporting Files";
			sourceTree = "<group>";
		};
/* End PBXGroup section */

/* Begin PBXNativeTarget section */
		C819774B194A00D5000DAE85 /* RDMBorderedButton */ = {
			isa = PBXNativeTarget;
			buildConfigurationList = C8197781194A00D5000DAE85 /* Build configuration list for PBXNativeTarget "RDMBorderedButton" */;
			buildPhases = (
				C8197748194A00D5000DAE85 /* Sources */,
				C8197749194A00D5000DAE85 /* Frameworks */,
				C819774A194A00D5000DAE85 /* Resources */,
			);
			buildRules = (
			);
			dependencies = (
			);
			name = RDMBorderedButton;
			productName = RDMBorderedButton;
			productReference = C819774C194A00D5000DAE85 /* RDMBorderedButton.app */;
			productType = "com.apple.product-type.application";
		};
		C819776F194A00D5000DAE85 /* RDMBorderedButtonTests */ = {
			isa = PBXNativeTarget;
			buildConfigurationList = C8197784194A00D5000DAE85 /* Build configuration list for PBXNativeTarget "RDMBorderedButtonTests" */;
			buildPhases = (
				C819776C194A00D5000DAE85 /* Sources */,
				C819776D194A00D5000DAE85 /* Frameworks */,
				C819776E194A00D5000DAE85 /* Resources */,
			);
			buildRules = (
			);
			dependencies = (
				C8197776194A00D5000DAE85 /* PBXTargetDependency */,
			);
			name = RDMBorderedButtonTests;
			productName = RDMBorderedButtonTests;
			productReference = C8197770194A00D5000DAE85 /* RDMBorderedButtonTests.xctest */;
			productType = "com.apple.product-type.bundle.unit-test";
		};
/* End PBXNativeTarget section */

/* Begin PBXProject section */
		C8197744194A00D5000DAE85 /* Project object */ = {
			isa = PBXProject;
			attributes = {
				CLASSPREFIX = RDMBorderedButton;
				LastUpgradeCheck = 0510;
				ORGANIZATIONNAME = "Reese McLean";
				TargetAttributes = {
					C819776F194A00D5000DAE85 = {
						TestTargetID = C819774B194A00D5000DAE85;
					};
				};
			};
			buildConfigurationList = C8197747194A00D5000DAE85 /* Build configuration list for PBXProject "RDMBorderedButton" */;
			compatibilityVersion = "Xcode 3.2";
			developmentRegion = English;
			hasScannedForEncodings = 0;
			knownRegions = (
				en,
				Base,
			);
			mainGroup = C8197743194A00D5000DAE85;
			productRefGroup = C819774D194A00D5000DAE85 /* Products */;
			projectDirPath = "";
			projectRoot = "";
			targets = (
				C819774B194A00D5000DAE85 /* RDMBorderedButton */,
				C819776F194A00D5000DAE85 /* RDMBorderedButtonTests */,
			);
		};
/* End PBXProject section */

/* Begin PBXResourcesBuildPhase section */
		C819774A194A00D5000DAE85 /* Resources */ = {
			isa = PBXResourcesBuildPhase;
			buildActionMask = 2147483647;
			files = (
				C8197766194A00D5000DAE85 /* Main_iPad.storyboard in Resources */,
				C819776B194A00D5000DAE85 /* Images.xcassets in Resources */,
				C8197763194A00D5000DAE85 /* Main_iPhone.storyboard in Resources */,
				C819775A194A00D5000DAE85 /* InfoPlist.strings in Resources */,
			);
			runOnlyForDeploymentPostprocessing = 0;
		};
		C819776E194A00D5000DAE85 /* Resources */ = {
			isa = PBXResourcesBuildPhase;
			buildActionMask = 2147483647;
			files = (
				C819777C194A00D5000DAE85 /* InfoPlist.strings in Resources */,
			);
			runOnlyForDeploymentPostprocessing = 0;
		};
/* End PBXResourcesBuildPhase section */

/* Begin PBXSourcesBuildPhase section */
		C8197748194A00D5000DAE85 /* Sources */ = {
			isa = PBXSourcesBuildPhase;
			buildActionMask = 2147483647;
			files = (
				C8197789194A020D000DAE85 /* RDMBorderedButton.m in Sources */,
				C8197769194A00D5000DAE85 /* RDMBorderedButtonViewController.m in Sources */,
				C819775C194A00D5000DAE85 /* main.m in Sources */,
				C8197760194A00D5000DAE85 /* RDMBorderedButtonAppDelegate.m in Sources */,
			);
			runOnlyForDeploymentPostprocessing = 0;
		};
		C819776C194A00D5000DAE85 /* Sources */ = {
			isa = PBXSourcesBuildPhase;
			buildActionMask = 2147483647;
			files = (
				C819777E194A00D5000DAE85 /* RDMBorderedButtonTests.m in Sources */,
			);
			runOnlyForDeploymentPostprocessing = 0;
		};
/* End PBXSourcesBuildPhase section */

/* Begin PBXTargetDependency section */
		C8197776194A00D5000DAE85 /* PBXTargetDependency */ = {
			isa = PBXTargetDependency;
			target = C819774B194A00D5000DAE85 /* RDMBorderedButton */;
			targetProxy = C8197775194A00D5000DAE85 /* PBXContainerItemProxy */;
		};
/* End PBXTargetDependency section */

/* Begin PBXVariantGroup section */
		C8197758194A00D5000DAE85 /* InfoPlist.strings */ = {
			isa = PBXVariantGroup;
			children = (
				C8197759194A00D5000DAE85 /* en */,
			);
			name = InfoPlist.strings;
			sourceTree = "<group>";
		};
		C8197761194A00D5000DAE85 /* Main_iPhone.storyboard */ = {
			isa = PBXVariantGroup;
			children = (
				C8197762194A00D5000DAE85 /* Base */,
			);
			name = Main_iPhone.storyboard;
			sourceTree = "<group>";
		};
		C8197764194A00D5000DAE85 /* Main_iPad.storyboard */ = {
			isa = PBXVariantGroup;
			children = (
				C8197765194A00D5000DAE85 /* Base */,
			);
			name = Main_iPad.storyboard;
			sourceTree = "<group>";
		};
		C819777A194A00D5000DAE85 /* InfoPlist.strings */ = {
			isa = PBXVariantGroup;
			children = (
				C819777B194A00D5000DAE85 /* en */,
			);
			name = InfoPlist.strings;
			sourceTree = "<group>";
		};
/* End PBXVariantGroup section */

/* Begin XCBuildConfiguration section */
		C819777F194A00D5000DAE85 /* Debug */ = {
			isa = XCBuildConfiguration;
			buildSettings = {
				ALWAYS_SEARCH_USER_PATHS = NO;
				CLANG_CXX_LANGUAGE_STANDARD = "gnu++0x";
				CLANG_CXX_LIBRARY = "libc++";
				CLANG_ENABLE_MODULES = YES;
				CLANG_ENABLE_OBJC_ARC = YES;
				CLANG_WARN_BOOL_CONVERSION = YES;
				CLANG_WARN_CONSTANT_CONVERSION = YES;
				CLANG_WARN_DIRECT_OBJC_ISA_USAGE = YES_ERROR;
				CLANG_WARN_EMPTY_BODY = YES;
				CLANG_WARN_ENUM_CONVERSION = YES;
				CLANG_WARN_INT_CONVERSION = YES;
				CLANG_WARN_OBJC_ROOT_CLASS = YES_ERROR;
				CLANG_WARN__DUPLICATE_METHOD_MATCH = YES;
				"CODE_SIGN_IDENTITY[sdk=iphoneos*]" = "iPhone Developer";
				COPY_PHASE_STRIP = NO;
				GCC_C_LANGUAGE_STANDARD = gnu99;
				GCC_DYNAMIC_NO_PIC = NO;
				GCC_OPTIMIZATION_LEVEL = 0;
				GCC_PREPROCESSOR_DEFINITIONS = (
					"DEBUG=1",
					"$(inherited)",
				);
				GCC_SYMBOLS_PRIVATE_EXTERN = NO;
				GCC_WARN_64_TO_32_BIT_CONVERSION = YES;
				GCC_WARN_ABOUT_RETURN_TYPE = YES_ERROR;
				GCC_WARN_UNDECLARED_SELECTOR = YES;
				GCC_WARN_UNINITIALIZED_AUTOS = YES_AGGRESSIVE;
				GCC_WARN_UNUSED_FUNCTION = YES;
				GCC_WARN_UNUSED_VARIABLE = YES;
				IPHONEOS_DEPLOYMENT_TARGET = 7.1;
				ONLY_ACTIVE_ARCH = YES;
				SDKROOT = iphoneos;
				TARGETED_DEVICE_FAMILY = "1,2";
			};
			name = Debug;
		};
		C8197780194A00D5000DAE85 /* Release */ = {
			isa = XCBuildConfiguration;
			buildSettings = {
				ALWAYS_SEARCH_USER_PATHS = NO;
				CLANG_CXX_LANGUAGE_STANDARD = "gnu++0x";
				CLANG_CXX_LIBRARY = "libc++";
				CLANG_ENABLE_MODULES = YES;
				CLANG_ENABLE_OBJC_ARC = YES;
				CLANG_WARN_BOOL_CONVERSION = YES;
				CLANG_WARN_CONSTANT_CONVERSION = YES;
				CLANG_WARN_DIRECT_OBJC_ISA_USAGE = YES_ERROR;
				CLANG_WARN_EMPTY_BODY = YES;
				CLANG_WARN_ENUM_CONVERSION = YES;
				CLANG_WARN_INT_CONVERSION = YES;
				CLANG_WARN_OBJC_ROOT_CLASS = YES_ERROR;
				CLANG_WARN__DUPLICATE_METHOD_MATCH = YES;
				"CODE_SIGN_IDENTITY[sdk=iphoneos*]" = "iPhone Developer";
				COPY_PHASE_STRIP = YES;
				ENABLE_NS_ASSERTIONS = NO;
				GCC_C_LANGUAGE_STANDARD = gnu99;
				GCC_WARN_64_TO_32_BIT_CONVERSION = YES;
				GCC_WARN_ABOUT_RETURN_TYPE = YES_ERROR;
				GCC_WARN_UNDECLARED_SELECTOR = YES;
				GCC_WARN_UNINITIALIZED_AUTOS = YES_AGGRESSIVE;
				GCC_WARN_UNUSED_FUNCTION = YES;
				GCC_WARN_UNUSED_VARIABLE = YES;
				IPHONEOS_DEPLOYMENT_TARGET = 7.1;
				SDKROOT = iphoneos;
				TARGETED_DEVICE_FAMILY = "1,2";
				VALIDATE_PRODUCT = YES;
			};
			name = Release;
		};
		C8197782194A00D5000DAE85 /* Debug */ = {
			isa = XCBuildConfiguration;
			buildSettings = {
				ASSETCATALOG_COMPILER_APPICON_NAME = AppIcon;
				ASSETCATALOG_COMPILER_LAUNCHIMAGE_NAME = LaunchImage;
				GCC_PRECOMPILE_PREFIX_HEADER = YES;
				GCC_PREFIX_HEADER = "RDMBorderedButton/RDMBorderedButton-Prefix.pch";
				INFOPLIST_FILE = "RDMBorderedButton/RDMBorderedButton-Info.plist";
				PRODUCT_NAME = "$(TARGET_NAME)";
				WRAPPER_EXTENSION = app;
			};
			name = Debug;
		};
		C8197783194A00D5000DAE85 /* Release */ = {
			isa = XCBuildConfiguration;
			buildSettings = {
				ASSETCATALOG_COMPILER_APPICON_NAME = AppIcon;
				ASSETCATALOG_COMPILER_LAUNCHIMAGE_NAME = LaunchImage;
				GCC_PRECOMPILE_PREFIX_HEADER = YES;
				GCC_PREFIX_HEADER = "RDMBorderedButton/RDMBorderedButton-Prefix.pch";
				INFOPLIST_FILE = "RDMBorderedButton/RDMBorderedButton-Info.plist";
				PRODUCT_NAME = "$(TARGET_NAME)";
				WRAPPER_EXTENSION = app;
			};
			name = Release;
		};
		C8197785194A00D5000DAE85 /* Debug */ = {
			isa = XCBuildConfiguration;
			buildSettings = {
				BUNDLE_LOADER = "$(BUILT_PRODUCTS_DIR)/RDMBorderedButton.app/RDMBorderedButton";
				FRAMEWORK_SEARCH_PATHS = (
					"$(SDKROOT)/Developer/Library/Frameworks",
					"$(inherited)",
					"$(DEVELOPER_FRAMEWORKS_DIR)",
				);
				GCC_PRECOMPILE_PREFIX_HEADER = YES;
				GCC_PREFIX_HEADER = "RDMBorderedButton/RDMBorderedButton-Prefix.pch";
				GCC_PREPROCESSOR_DEFINITIONS = (
					"DEBUG=1",
					"$(inherited)",
				);
				INFOPLIST_FILE = "RDMBorderedButtonTests/RDMBorderedButtonTests-Info.plist";
				PRODUCT_NAME = "$(TARGET_NAME)";
				TEST_HOST = "$(BUNDLE_LOADER)";
				WRAPPER_EXTENSION = xctest;
			};
			name = Debug;
		};
		C8197786194A00D5000DAE85 /* Release */ = {
			isa = XCBuildConfiguration;
			buildSettings = {
				BUNDLE_LOADER = "$(BUILT_PRODUCTS_DIR)/RDMBorderedButton.app/RDMBorderedButton";
				FRAMEWORK_SEARCH_PATHS = (
					"$(SDKROOT)/Developer/Library/Frameworks",
					"$(inherited)",
					"$(DEVELOPER_FRAMEWORKS_DIR)",
				);
				GCC_PRECOMPILE_PREFIX_HEADER = YES;
				GCC_PREFIX_HEADER = "RDMBorderedButton/RDMBorderedButton-Prefix.pch";
				INFOPLIST_FILE = "RDMBorderedButtonTests/RDMBorderedButtonTests-Info.plist";
				PRODUCT_NAME = "$(TARGET_NAME)";
				TEST_HOST = "$(BUNDLE_LOADER)";
				WRAPPER_EXTENSION = xctest;
			};
			name = Release;
		};
/* End XCBuildConfiguration section */

/* Begin XCConfigurationList section */
		C8197747194A00D5000DAE85 /* Build configuration list for PBXProject "RDMBorderedButton" */ = {
			isa = XCConfigurationList;
			buildConfigurations = (
				C819777F194A00D5000DAE85 /* Debug */,
				C8197780194A00D5000DAE85 /* Release */,
			);
			defaultConfigurationIsVisible = 0;
			defaultConfigurationName = Release;
		};
		C8197781194A00D5000DAE85 /* Build configuration list for PBXNativeTarget "RDMBorderedButton" */ = {
			isa = XCConfigurationList;
			buildConfigurations = (
				C8197782194A00D5000DAE85 /* Debug */,
				C8197783194A00D5000DAE85 /* Release */,
			);
			defaultConfigurationIsVisible = 0;
		};
		C8197784194A00D5000DAE85 /* Build configuration list for PBXNativeTarget "RDMBorderedButtonTests" */ = {
			isa = XCConfigurationList;
			buildConfigurations = (
				C8197785194A00D5000DAE85 /* Debug */,
				C8197786194A00D5000DAE85 /* Release */,
			);
			defaultConfigurationIsVisible = 0;
		};
/* End XCConfigurationList section */
	};
	rootObject = C8197744194A00D5000DAE85 /* Project object */;
}
