// !$*UTF8*$!
{
	archiveVersion = 1;
	classes = {
	};
	objectVersion = 46;
	objects = {

/* Begin PBXBuildFile section */
		C8B65DA9194E6BBF00246BF1 /* AppDelegate.swift in Sources */ = {isa = PBXBuildFile; fileRef = C8B65DA8194E6BBF00246BF1 /* AppDelegate.swift */; };
		C8B65DAB194E6BBF00246BF1 /* FirstViewController.swift in Sources */ = {isa = PBXBuildFile; fileRef = C8B65DAA194E6BBF00246BF1 /* FirstViewController.swift */; };
		C8B65DAD194E6BBF00246BF1 /* SecondViewController.swift in Sources */ = {isa = PBXBuildFile; fileRef = C8B65DAC194E6BBF00246BF1 /* SecondViewController.swift */; };
		C8B65DB0194E6BBF00246BF1 /* Main.storyboard in Resources */ = {isa = PBXBuildFile; fileRef = C8B65DAE194E6BBF00246BF1 /* Main.storyboard */; };
		C8B65DB2194E6BBF00246BF1 /* Images.xcassets in Resources */ = {isa = PBXBuildFile; fileRef = C8B65DB1194E6BBF00246BF1 /* Images.xcassets */; };
		C8B65DBE194E6BBF00246BF1 /* RDMBorderedButtonTests.swift in Sources */ = {isa = PBXBuildFile; fileRef = C8B65DBD194E6BBF00246BF1 /* RDMBorderedButtonTests.swift */; };
		C8E8988A1950BFE700EA046C /* BorderedButton.swift in Sources */ = {isa = PBXBuildFile; fileRef = C8B65DC7194E6E2900246BF1 /* BorderedButton.swift */; };
/* End PBXBuildFile section */

/* Begin PBXContainerItemProxy section */
		C8B65DB8194E6BBF00246BF1 /* PBXContainerItemProxy */ = {
			isa = PBXContainerItemProxy;
			containerPortal = C8B65D9B194E6BBF00246BF1 /* Project object */;
			proxyType = 1;
			remoteGlobalIDString = C8B65DA2194E6BBF00246BF1;
			remoteInfo = RDMBorderedButton;
		};
		C8E8988B1950C02A00EA046C /* PBXContainerItemProxy */ = {
			isa = PBXContainerItemProxy;
			containerPortal = C8B65D9B194E6BBF00246BF1 /* Project object */;
			proxyType = 1;
			remoteGlobalIDString = C8B65DA2194E6BBF00246BF1;
			remoteInfo = RDMBorderedButton;
		};
		C8E8988D1950C02B00EA046C /* PBXContainerItemProxy */ = {
			isa = PBXContainerItemProxy;
			containerPortal = C8B65D9B194E6BBF00246BF1 /* Project object */;
			proxyType = 1;
			remoteGlobalIDString = C8B65DA2194E6BBF00246BF1;
			remoteInfo = RDMBorderedButton;
		};
		C8E898BB1950C04400EA046C /* PBXContainerItemProxy */ = {
			isa = PBXContainerItemProxy;
			containerPortal = C8B65D9B194E6BBF00246BF1 /* Project object */;
			proxyType = 1;
			remoteGlobalIDString = C8B65DA2194E6BBF00246BF1;
			remoteInfo = RDMBorderedButton;
		};
/* End PBXContainerItemProxy section */

/* Begin PBXCopyFilesBuildPhase section */
		C8E898871950BECD00EA046C /* Embed Frameworks */ = {
			isa = PBXCopyFilesBuildPhase;
			buildActionMask = 2147483647;
			dstPath = "";
			dstSubfolderSpec = 10;
			files = (
			);
			name = "Embed Frameworks";
			runOnlyForDeploymentPostprocessing = 0;
		};
/* End PBXCopyFilesBuildPhase section */

/* Begin PBXFileReference section */
		C8B65DA3194E6BBF00246BF1 /* RDMBorderedButton.app */ = {isa = PBXFileReference; explicitFileType = wrapper.application; includeInIndex = 0; path = RDMBorderedButton.app; sourceTree = BUILT_PRODUCTS_DIR; };
		C8B65DA7194E6BBF00246BF1 /* Info.plist */ = {isa = PBXFileReference; lastKnownFileType = text.plist.xml; path = Info.plist; sourceTree = "<group>"; };
		C8B65DA8194E6BBF00246BF1 /* AppDelegate.swift */ = {isa = PBXFileReference; lastKnownFileType = sourcecode.swift; path = AppDelegate.swift; sourceTree = "<group>"; };
		C8B65DAA194E6BBF00246BF1 /* FirstViewController.swift */ = {isa = PBXFileReference; lastKnownFileType = sourcecode.swift; path = FirstViewController.swift; sourceTree = "<group>"; };
		C8B65DAC194E6BBF00246BF1 /* SecondViewController.swift */ = {isa = PBXFileReference; lastKnownFileType = sourcecode.swift; path = SecondViewController.swift; sourceTree = "<group>"; };
		C8B65DAF194E6BBF00246BF1 /* Base */ = {isa = PBXFileReference; lastKnownFileType = file.storyboard; name = Base; path = Base.lproj/Main.storyboard; sourceTree = "<group>"; };
		C8B65DB1194E6BBF00246BF1 /* Images.xcassets */ = {isa = PBXFileReference; lastKnownFileType = folder.assetcatalog; path = Images.xcassets; sourceTree = "<group>"; };
		C8B65DB7194E6BBF00246BF1 /* RDMBorderedButtonTests.xctest */ = {isa = PBXFileReference; explicitFileType = wrapper.cfbundle; includeInIndex = 0; path = RDMBorderedButtonTests.xctest; sourceTree = BUILT_PRODUCTS_DIR; };
		C8B65DBC194E6BBF00246BF1 /* Info.plist */ = {isa = PBXFileReference; lastKnownFileType = text.plist.xml; path = Info.plist; sourceTree = "<group>"; };
		C8B65DBD194E6BBF00246BF1 /* RDMBorderedButtonTests.swift */ = {isa = PBXFileReference; lastKnownFileType = sourcecode.swift; path = RDMBorderedButtonTests.swift; sourceTree = "<group>"; };
		C8B65DC7194E6E2900246BF1 /* BorderedButton.swift */ = {isa = PBXFileReference; fileEncoding = 4; lastKnownFileType = sourcecode.swift; path = BorderedButton.swift; sourceTree = "<group>"; };
		C8E898971950C03800EA046C /* Info.plist */ = {isa = PBXFileReference; lastKnownFileType = text.plist.xml; path = Info.plist; sourceTree = "<group>"; };
		C8E898981950C03800EA046C /* Test.h */ = {isa = PBXFileReference; lastKnownFileType = sourcecode.c.h; path = Test.h; sourceTree = "<group>"; };
		C8E898A41950C03800EA046C /* Info.plist */ = {isa = PBXFileReference; lastKnownFileType = text.plist.xml; path = Info.plist; sourceTree = "<group>"; };
		C8E898A51950C03800EA046C /* TestTests.swift */ = {isa = PBXFileReference; lastKnownFileType = sourcecode.swift; path = TestTests.swift; sourceTree = "<group>"; };
/* End PBXFileReference section */

/* Begin PBXFrameworksBuildPhase section */
		C8B65DA0194E6BBF00246BF1 /* Frameworks */ = {
			isa = PBXFrameworksBuildPhase;
			buildActionMask = 2147483647;
			files = (
			);
			runOnlyForDeploymentPostprocessing = 0;
		};
		C8B65DB4194E6BBF00246BF1 /* Frameworks */ = {
			isa = PBXFrameworksBuildPhase;
			buildActionMask = 2147483647;
			files = (
			);
			runOnlyForDeploymentPostprocessing = 0;
		};
/* End PBXFrameworksBuildPhase section */

/* Begin PBXGroup section */
		C8B65D9A194E6BBF00246BF1 = {
			isa = PBXGroup;
			children = (
				C8B65DA5194E6BBF00246BF1 /* RDMBorderedButton */,
				C8B65DBA194E6BBF00246BF1 /* RDMBorderedButtonTests */,
				C8E898951950C03800EA046C /* Test */,
				C8E898A21950C03800EA046C /* TestTests */,
				C8B65DA4194E6BBF00246BF1 /* Products */,
			);
			sourceTree = "<group>";
		};
		C8B65DA4194E6BBF00246BF1 /* Products */ = {
			isa = PBXGroup;
			children = (
				C8B65DA3194E6BBF00246BF1 /* RDMBorderedButton.app */,
				C8B65DB7194E6BBF00246BF1 /* RDMBorderedButtonTests.xctest */,
			);
			name = Products;
			sourceTree = "<group>";
		};
		C8B65DA5194E6BBF00246BF1 /* RDMBorderedButton */ = {
			isa = PBXGroup;
			children = (
				C8B65DC7194E6E2900246BF1 /* BorderedButton.swift */,
				C8B65DA8194E6BBF00246BF1 /* AppDelegate.swift */,
				C8B65DAA194E6BBF00246BF1 /* FirstViewController.swift */,
				C8B65DAC194E6BBF00246BF1 /* SecondViewController.swift */,
				C8B65DAE194E6BBF00246BF1 /* Main.storyboard */,
				C8B65DB1194E6BBF00246BF1 /* Images.xcassets */,
				C8B65DA6194E6BBF00246BF1 /* Supporting Files */,
			);
			path = RDMBorderedButton;
			sourceTree = "<group>";
		};
		C8B65DA6194E6BBF00246BF1 /* Supporting Files */ = {
			isa = PBXGroup;
			children = (
				C8B65DA7194E6BBF00246BF1 /* Info.plist */,
			);
			name = "Supporting Files";
			sourceTree = "<group>";
		};
		C8B65DBA194E6BBF00246BF1 /* RDMBorderedButtonTests */ = {
			isa = PBXGroup;
			children = (
				C8B65DBD194E6BBF00246BF1 /* RDMBorderedButtonTests.swift */,
				C8B65DBB194E6BBF00246BF1 /* Supporting Files */,
			);
			path = RDMBorderedButtonTests;
			sourceTree = "<group>";
		};
		C8B65DBB194E6BBF00246BF1 /* Supporting Files */ = {
			isa = PBXGroup;
			children = (
				C8B65DBC194E6BBF00246BF1 /* Info.plist */,
			);
			name = "Supporting Files";
			sourceTree = "<group>";
		};
		C8E898951950C03800EA046C /* Test */ = {
			isa = PBXGroup;
			children = (
				C8E898981950C03800EA046C /* Test.h */,
				C8E898961950C03800EA046C /* Supporting Files */,
			);
			path = Test;
			sourceTree = "<group>";
		};
		C8E898961950C03800EA046C /* Supporting Files */ = {
			isa = PBXGroup;
			children = (
				C8E898971950C03800EA046C /* Info.plist */,
			);
			name = "Supporting Files";
			sourceTree = "<group>";
		};
		C8E898A21950C03800EA046C /* TestTests */ = {
			isa = PBXGroup;
			children = (
				C8E898A51950C03800EA046C /* TestTests.swift */,
				C8E898A31950C03800EA046C /* Supporting Files */,
			);
			path = TestTests;
			sourceTree = "<group>";
		};
		C8E898A31950C03800EA046C /* Supporting Files */ = {
			isa = PBXGroup;
			children = (
				C8E898A41950C03800EA046C /* Info.plist */,
			);
			name = "Supporting Files";
			sourceTree = "<group>";
		};
/* End PBXGroup section */

/* Begin PBXNativeTarget section */
		C8B65DA2194E6BBF00246BF1 /* RDMBorderedButton */ = {
			isa = PBXNativeTarget;
			buildConfigurationList = C8B65DC1194E6BBF00246BF1 /* Build configuration list for PBXNativeTarget "RDMBorderedButton" */;
			buildPhases = (
				C8B65D9F194E6BBF00246BF1 /* Sources */,
				C8B65DA0194E6BBF00246BF1 /* Frameworks */,
				C8B65DA1194E6BBF00246BF1 /* Resources */,
				C8E898871950BECD00EA046C /* Embed Frameworks */,
			);
			buildRules = (
			);
			dependencies = (
			);
			name = RDMBorderedButton;
			productName = RDMBorderedButton;
			productReference = C8B65DA3194E6BBF00246BF1 /* RDMBorderedButton.app */;
			productType = "com.apple.product-type.application";
		};
		C8B65DB6194E6BBF00246BF1 /* RDMBorderedButtonTests */ = {
			isa = PBXNativeTarget;
			buildConfigurationList = C8B65DC4194E6BBF00246BF1 /* Build configuration list for PBXNativeTarget "RDMBorderedButtonTests" */;
			buildPhases = (
				C8B65DB3194E6BBF00246BF1 /* Sources */,
				C8B65DB4194E6BBF00246BF1 /* Frameworks */,
				C8B65DB5194E6BBF00246BF1 /* Resources */,
			);
			buildRules = (
			);
			dependencies = (
				C8B65DB9194E6BBF00246BF1 /* PBXTargetDependency */,
				C8E8988C1950C02A00EA046C /* PBXTargetDependency */,
				C8E8988E1950C02B00EA046C /* PBXTargetDependency */,
				C8E898BC1950C04400EA046C /* PBXTargetDependency */,
			);
			name = RDMBorderedButtonTests;
			productName = RDMBorderedButtonTests;
			productReference = C8B65DB7194E6BBF00246BF1 /* RDMBorderedButtonTests.xctest */;
			productType = "com.apple.product-type.bundle.unit-test";
		};
/* End PBXNativeTarget section */

/* Begin PBXProject section */
		C8B65D9B194E6BBF00246BF1 /* Project object */ = {
			isa = PBXProject;
			attributes = {
				LastUpgradeCheck = 0600;
				ORGANIZATIONNAME = "Reese McLean";
				TargetAttributes = {
					C8B65DA2194E6BBF00246BF1 = {
						CreatedOnToolsVersion = 6.0;
					};
					C8B65DB6194E6BBF00246BF1 = {
						CreatedOnToolsVersion = 6.0;
						TestTargetID = C8B65DA2194E6BBF00246BF1;
					};
				};
			};
			buildConfigurationList = C8B65D9E194E6BBF00246BF1 /* Build configuration list for PBXProject "RDMBorderedButton" */;
			compatibilityVersion = "Xcode 3.2";
			developmentRegion = English;
			hasScannedForEncodings = 0;
			knownRegions = (
				en,
				Base,
			);
			mainGroup = C8B65D9A194E6BBF00246BF1;
			productRefGroup = C8B65DA4194E6BBF00246BF1 /* Products */;
			projectDirPath = "";
			projectRoot = "";
			targets = (
				C8B65DA2194E6BBF00246BF1 /* RDMBorderedButton */,
				C8B65DB6194E6BBF00246BF1 /* RDMBorderedButtonTests */,
			);
		};
/* End PBXProject section */

/* Begin PBXResourcesBuildPhase section */
		C8B65DA1194E6BBF00246BF1 /* Resources */ = {
			isa = PBXResourcesBuildPhase;
			buildActionMask = 2147483647;
			files = (
				C8B65DB0194E6BBF00246BF1 /* Main.storyboard in Resources */,
				C8B65DB2194E6BBF00246BF1 /* Images.xcassets in Resources */,
			);
			runOnlyForDeploymentPostprocessing = 0;
		};
		C8B65DB5194E6BBF00246BF1 /* Resources */ = {
			isa = PBXResourcesBuildPhase;
			buildActionMask = 2147483647;
			files = (
			);
			runOnlyForDeploymentPostprocessing = 0;
		};
/* End PBXResourcesBuildPhase section */

/* Begin PBXSourcesBuildPhase section */
		C8B65D9F194E6BBF00246BF1 /* Sources */ = {
			isa = PBXSourcesBuildPhase;
			buildActionMask = 2147483647;
			files = (
				C8B65DAD194E6BBF00246BF1 /* SecondViewController.swift in Sources */,
				C8B65DA9194E6BBF00246BF1 /* AppDelegate.swift in Sources */,
				C8E8988A1950BFE700EA046C /* BorderedButton.swift in Sources */,
				C8B65DAB194E6BBF00246BF1 /* FirstViewController.swift in Sources */,
			);
			runOnlyForDeploymentPostprocessing = 0;
		};
		C8B65DB3194E6BBF00246BF1 /* Sources */ = {
			isa = PBXSourcesBuildPhase;
			buildActionMask = 2147483647;
			files = (
				C8B65DBE194E6BBF00246BF1 /* RDMBorderedButtonTests.swift in Sources */,
			);
			runOnlyForDeploymentPostprocessing = 0;
		};
/* End PBXSourcesBuildPhase section */

/* Begin PBXTargetDependency section */
		C8B65DB9194E6BBF00246BF1 /* PBXTargetDependency */ = {
			isa = PBXTargetDependency;
			target = C8B65DA2194E6BBF00246BF1 /* RDMBorderedButton */;
			targetProxy = C8B65DB8194E6BBF00246BF1 /* PBXContainerItemProxy */;
		};
		C8E8988C1950C02A00EA046C /* PBXTargetDependency */ = {
			isa = PBXTargetDependency;
			target = C8B65DA2194E6BBF00246BF1 /* RDMBorderedButton */;
			targetProxy = C8E8988B1950C02A00EA046C /* PBXContainerItemProxy */;
		};
		C8E8988E1950C02B00EA046C /* PBXTargetDependency */ = {
			isa = PBXTargetDependency;
			target = C8B65DA2194E6BBF00246BF1 /* RDMBorderedButton */;
			targetProxy = C8E8988D1950C02B00EA046C /* PBXContainerItemProxy */;
		};
		C8E898BC1950C04400EA046C /* PBXTargetDependency */ = {
			isa = PBXTargetDependency;
			target = C8B65DA2194E6BBF00246BF1 /* RDMBorderedButton */;
			targetProxy = C8E898BB1950C04400EA046C /* PBXContainerItemProxy */;
		};
/* End PBXTargetDependency section */

/* Begin PBXVariantGroup section */
		C8B65DAE194E6BBF00246BF1 /* Main.storyboard */ = {
			isa = PBXVariantGroup;
			children = (
				C8B65DAF194E6BBF00246BF1 /* Base */,
			);
			name = Main.storyboard;
			sourceTree = "<group>";
		};
/* End PBXVariantGroup section */

/* Begin XCBuildConfiguration section */
		C8B65DBF194E6BBF00246BF1 /* Debug */ = {
			isa = XCBuildConfiguration;
			buildSettings = {
				ALWAYS_SEARCH_USER_PATHS = NO;
				CLANG_CXX_LANGUAGE_STANDARD = "gnu++0x";
				CLANG_CXX_LIBRARY = "libc++";
				CLANG_ENABLE_MODULES = YES;
				CLANG_ENABLE_OBJC_ARC = YES;
				CLANG_WARN_BOOL_CONVERSION = YES;
				CLANG_WARN_CONSTANT_CONVERSION = YES;
				CLANG_WARN_DIRECT_OBJC_ISA_USAGE = YES_ERROR;
				CLANG_WARN_EMPTY_BODY = YES;
				CLANG_WARN_ENUM_CONVERSION = YES;
				CLANG_WARN_INT_CONVERSION = YES;
				CLANG_WARN_OBJC_ROOT_CLASS = YES_ERROR;
				CLANG_WARN_UNREACHABLE_CODE = YES;
				CLANG_WARN__DUPLICATE_METHOD_MATCH = YES;
				"CODE_SIGN_IDENTITY[sdk=iphoneos*]" = "iPhone Developer";
				COPY_PHASE_STRIP = NO;
				ENABLE_STRICT_OBJC_MSGSEND = YES;
				GCC_C_LANGUAGE_STANDARD = gnu99;
				GCC_DYNAMIC_NO_PIC = NO;
				GCC_OPTIMIZATION_LEVEL = 0;
				GCC_PREPROCESSOR_DEFINITIONS = (
					"DEBUG=1",
					"$(inherited)",
				);
				GCC_SYMBOLS_PRIVATE_EXTERN = NO;
				GCC_WARN_64_TO_32_BIT_CONVERSION = YES;
				GCC_WARN_ABOUT_RETURN_TYPE = YES_ERROR;
				GCC_WARN_UNDECLARED_SELECTOR = YES;
				GCC_WARN_UNINITIALIZED_AUTOS = YES_AGGRESSIVE;
				GCC_WARN_UNUSED_FUNCTION = YES;
				GCC_WARN_UNUSED_VARIABLE = YES;
				IPHONEOS_DEPLOYMENT_TARGET = 8.0;
				METAL_ENABLE_DEBUG_INFO = YES;
				ONLY_ACTIVE_ARCH = YES;
				SDKROOT = iphoneos;
				SWIFT_OPTIMIZATION_LEVEL = "-Onone";
				TARGETED_DEVICE_FAMILY = "1,2";
			};
			name = Debug;
		};
		C8B65DC0194E6BBF00246BF1 /* Release */ = {
			isa = XCBuildConfiguration;
			buildSettings = {
				ALWAYS_SEARCH_USER_PATHS = NO;
				CLANG_CXX_LANGUAGE_STANDARD = "gnu++0x";
				CLANG_CXX_LIBRARY = "libc++";
				CLANG_ENABLE_MODULES = YES;
				CLANG_ENABLE_OBJC_ARC = YES;
				CLANG_WARN_BOOL_CONVERSION = YES;
				CLANG_WARN_CONSTANT_CONVERSION = YES;
				CLANG_WARN_DIRECT_OBJC_ISA_USAGE = YES_ERROR;
				CLANG_WARN_EMPTY_BODY = YES;
				CLANG_WARN_ENUM_CONVERSION = YES;
				CLANG_WARN_INT_CONVERSION = YES;
				CLANG_WARN_OBJC_ROOT_CLASS = YES_ERROR;
				CLANG_WARN_UNREACHABLE_CODE = YES;
				CLANG_WARN__DUPLICATE_METHOD_MATCH = YES;
				"CODE_SIGN_IDENTITY[sdk=iphoneos*]" = "iPhone Developer";
				COPY_PHASE_STRIP = YES;
				ENABLE_NS_ASSERTIONS = NO;
				ENABLE_STRICT_OBJC_MSGSEND = YES;
				GCC_C_LANGUAGE_STANDARD = gnu99;
				GCC_WARN_64_TO_32_BIT_CONVERSION = YES;
				GCC_WARN_ABOUT_RETURN_TYPE = YES_ERROR;
				GCC_WARN_UNDECLARED_SELECTOR = YES;
				GCC_WARN_UNINITIALIZED_AUTOS = YES_AGGRESSIVE;
				GCC_WARN_UNUSED_FUNCTION = YES;
				GCC_WARN_UNUSED_VARIABLE = YES;
				IPHONEOS_DEPLOYMENT_TARGET = 8.0;
				METAL_ENABLE_DEBUG_INFO = NO;
				SDKROOT = iphoneos;
				TARGETED_DEVICE_FAMILY = "1,2";
				VALIDATE_PRODUCT = YES;
			};
			name = Release;
		};
		C8B65DC2194E6BBF00246BF1 /* Debug */ = {
			isa = XCBuildConfiguration;
			buildSettings = {
				ASSETCATALOG_COMPILER_APPICON_NAME = AppIcon;
				ASSETCATALOG_COMPILER_LAUNCHIMAGE_NAME = LaunchImage;
				INFOPLIST_FILE = RDMBorderedButton/Info.plist;
				LD_RUNPATH_SEARCH_PATHS = "$(inherited) @executable_path/Frameworks";
				PRODUCT_NAME = "$(TARGET_NAME)";
			};
			name = Debug;
		};
		C8B65DC3194E6BBF00246BF1 /* Release */ = {
			isa = XCBuildConfiguration;
			buildSettings = {
				ASSETCATALOG_COMPILER_APPICON_NAME = AppIcon;
				ASSETCATALOG_COMPILER_LAUNCHIMAGE_NAME = LaunchImage;
				INFOPLIST_FILE = RDMBorderedButton/Info.plist;
				LD_RUNPATH_SEARCH_PATHS = "$(inherited) @executable_path/Frameworks";
				PRODUCT_NAME = "$(TARGET_NAME)";
			};
			name = Release;
		};
		C8B65DC5194E6BBF00246BF1 /* Debug */ = {
			isa = XCBuildConfiguration;
			buildSettings = {
				BUNDLE_LOADER = "$(BUILT_PRODUCTS_DIR)/RDMBorderedButton.app/RDMBorderedButton";
				FRAMEWORK_SEARCH_PATHS = (
					"$(SDKROOT)/Developer/Library/Frameworks",
					"$(inherited)",
				);
				GCC_PREPROCESSOR_DEFINITIONS = (
					"DEBUG=1",
					"$(inherited)",
				);
				INFOPLIST_FILE = RDMBorderedButtonTests/Info.plist;
				LD_RUNPATH_SEARCH_PATHS = "$(inherited) @executable_path/Frameworks @loader_path/Frameworks";
				METAL_ENABLE_DEBUG_INFO = YES;
				PRODUCT_NAME = "$(TARGET_NAME)";
				TEST_HOST = "$(BUNDLE_LOADER)";
			};
			name = Debug;
		};
		C8B65DC6194E6BBF00246BF1 /* Release */ = {
			isa = XCBuildConfiguration;
			buildSettings = {
				BUNDLE_LOADER = "$(BUILT_PRODUCTS_DIR)/RDMBorderedButton.app/RDMBorderedButton";
				FRAMEWORK_SEARCH_PATHS = (
					"$(SDKROOT)/Developer/Library/Frameworks",
					"$(inherited)",
				);
				INFOPLIST_FILE = RDMBorderedButtonTests/Info.plist;
				LD_RUNPATH_SEARCH_PATHS = "$(inherited) @executable_path/Frameworks @loader_path/Frameworks";
				METAL_ENABLE_DEBUG_INFO = NO;
				PRODUCT_NAME = "$(TARGET_NAME)";
				TEST_HOST = "$(BUNDLE_LOADER)";
			};
			name = Release;
		};
/* End XCBuildConfiguration section */

/* Begin XCConfigurationList section */
		C8B65D9E194E6BBF00246BF1 /* Build configuration list for PBXProject "RDMBorderedButton" */ = {
			isa = XCConfigurationList;
			buildConfigurations = (
				C8B65DBF194E6BBF00246BF1 /* Debug */,
				C8B65DC0194E6BBF00246BF1 /* Release */,
			);
			defaultConfigurationIsVisible = 0;
			defaultConfigurationName = Release;
		};
		C8B65DC1194E6BBF00246BF1 /* Build configuration list for PBXNativeTarget "RDMBorderedButton" */ = {
			isa = XCConfigurationList;
			buildConfigurations = (
				C8B65DC2194E6BBF00246BF1 /* Debug */,
				C8B65DC3194E6BBF00246BF1 /* Release */,
			);
			defaultConfigurationIsVisible = 0;
			defaultConfigurationName = Release;
		};
		C8B65DC4194E6BBF00246BF1 /* Build configuration list for PBXNativeTarget "RDMBorderedButtonTests" */ = {
			isa = XCConfigurationList;
			buildConfigurations = (
				C8B65DC5194E6BBF00246BF1 /* Debug */,
				C8B65DC6194E6BBF00246BF1 /* Release */,
			);
			defaultConfigurationIsVisible = 0;
			defaultConfigurationName = Release;
		};
/* End XCConfigurationList section */
	};
	rootObject = C8B65D9B194E6BBF00246BF1 /* Project object */;
}
